// !$*UTF8*$!
{
	archiveVersion = 1;
	classes = {
	};
	objectVersion = 52;
	objects = {

/* Begin PBXBuildFile section */
		8C92683726F2CEF00056A5D1 /* CanaryHomeworkTests.m in Sources */ = {isa = PBXBuildFile; fileRef = 8C92683626F2CEF00056A5D1 /* CanaryHomeworkTests.m */; };
		B21CD57B233A9320006994CA /* APICLient.m in Sources */ = {isa = PBXBuildFile; fileRef = B21CD57A233A9320006994CA /* APICLient.m */; };
		B21CD582233AAE02006994CA /* DetailViewController.m in Sources */ = {isa = PBXBuildFile; fileRef = B21CD581233AAE02006994CA /* DetailViewController.m */; };
		B21CD585233AB8B4006994CA /* CoreDataController.m in Sources */ = {isa = PBXBuildFile; fileRef = B21CD584233AB8B4006994CA /* CoreDataController.m */; };
		B28912C6233B9ACC00F0C3C5 /* Device+ParserLogic.m in Sources */ = {isa = PBXBuildFile; fileRef = B28912C4233B9ACC00F0C3C5 /* Device+ParserLogic.m */; };
		B28912C9233B9DBC00F0C3C5 /* Device+Retrieval.m in Sources */ = {isa = PBXBuildFile; fileRef = B28912C8233B9DBC00F0C3C5 /* Device+Retrieval.m */; };
		B28912CF233BA9AF00F0C3C5 /* DateFormatter.m in Sources */ = {isa = PBXBuildFile; fileRef = B28912CE233BA9AF00F0C3C5 /* DateFormatter.m */; };
		B28912D3233BAFC200F0C3C5 /* Reading+ParserLogic.m in Sources */ = {isa = PBXBuildFile; fileRef = B28912D2233BAFC200F0C3C5 /* Reading+ParserLogic.m */; };
		B2AC60DC233540C300A5823F /* CoreDataManager.m in Sources */ = {isa = PBXBuildFile; fileRef = B2AC60DA233540C300A5823F /* CoreDataManager.m */; };
		B2E709322333FF38009B864F /* AppDelegate.m in Sources */ = {isa = PBXBuildFile; fileRef = B2E709312333FF38009B864F /* AppDelegate.m */; };
		B2E709352333FF38009B864F /* ViewController.m in Sources */ = {isa = PBXBuildFile; fileRef = B2E709342333FF38009B864F /* ViewController.m */; };
		B2E7093B2333FF38009B864F /* CanaryHomework.xcdatamodeld in Sources */ = {isa = PBXBuildFile; fileRef = B2E709392333FF38009B864F /* CanaryHomework.xcdatamodeld */; };
		B2E7093D2333FF39009B864F /* Assets.xcassets in Resources */ = {isa = PBXBuildFile; fileRef = B2E7093C2333FF39009B864F /* Assets.xcassets */; };
		B2E709432333FF39009B864F /* main.m in Sources */ = {isa = PBXBuildFile; fileRef = B2E709422333FF39009B864F /* main.m */; };
		B2E7095423341732009B864F /* Reading+CoreDataClass.m in Sources */ = {isa = PBXBuildFile; fileRef = B2E7094E23341732009B864F /* Reading+CoreDataClass.m */; };
		B2E7095523341732009B864F /* Reading+CoreDataProperties.m in Sources */ = {isa = PBXBuildFile; fileRef = B2E7094F23341732009B864F /* Reading+CoreDataProperties.m */; };
		B2E7095623341732009B864F /* Device+CoreDataClass.m in Sources */ = {isa = PBXBuildFile; fileRef = B2E7095223341732009B864F /* Device+CoreDataClass.m */; };
		B2E7095723341732009B864F /* Device+CoreDataProperties.m in Sources */ = {isa = PBXBuildFile; fileRef = B2E7095323341732009B864F /* Device+CoreDataProperties.m */; };
		CA2C32BC26F261F6004906CE /* Theme.m in Sources */ = {isa = PBXBuildFile; fileRef = CA2C32BB26F261F6004906CE /* Theme.m */; };
		CA2C32C626F27DC8004906CE /* Util.m in Sources */ = {isa = PBXBuildFile; fileRef = CA2C32C526F27DC8004906CE /* Util.m */; };
		DF51B646261269BD003CE517 /* AFNetworking in Frameworks */ = {isa = PBXBuildFile; productRef = DF51B645261269BD003CE517 /* AFNetworking */; };
/* End PBXBuildFile section */

/* Begin PBXContainerItemProxy section */
		8C92683926F2CEF00056A5D1 /* PBXContainerItemProxy */ = {
			isa = PBXContainerItemProxy;
			containerPortal = B2E709252333FF38009B864F /* Project object */;
			proxyType = 1;
			remoteGlobalIDString = B2E7092C2333FF38009B864F;
			remoteInfo = CanaryHomework;
		};
/* End PBXContainerItemProxy section */

/* Begin PBXFileReference section */
		8C92683426F2CEF00056A5D1 /* CanaryHomeworkTests.xctest */ = {isa = PBXFileReference; explicitFileType = wrapper.cfbundle; includeInIndex = 0; path = CanaryHomeworkTests.xctest; sourceTree = BUILT_PRODUCTS_DIR; };
		8C92683626F2CEF00056A5D1 /* CanaryHomeworkTests.m */ = {isa = PBXFileReference; lastKnownFileType = sourcecode.c.objc; path = CanaryHomeworkTests.m; sourceTree = "<group>"; };
		8C92683826F2CEF00056A5D1 /* Info.plist */ = {isa = PBXFileReference; lastKnownFileType = text.plist.xml; path = Info.plist; sourceTree = "<group>"; };
		B21CD57A233A9320006994CA /* APICLient.m */ = {isa = PBXFileReference; lastKnownFileType = sourcecode.c.objc; path = APICLient.m; sourceTree = "<group>"; };
		B21CD57C233A932E006994CA /* APIClient.h */ = {isa = PBXFileReference; lastKnownFileType = sourcecode.c.h; path = APIClient.h; sourceTree = "<group>"; };
		B21CD57E233A93F3006994CA /* Keys.h */ = {isa = PBXFileReference; lastKnownFileType = sourcecode.c.h; path = Keys.h; sourceTree = "<group>"; };
		B21CD580233AAE02006994CA /* DetailViewController.h */ = {isa = PBXFileReference; lastKnownFileType = sourcecode.c.h; path = DetailViewController.h; sourceTree = "<group>"; };
		B21CD581233AAE02006994CA /* DetailViewController.m */ = {isa = PBXFileReference; lastKnownFileType = sourcecode.c.objc; path = DetailViewController.m; sourceTree = "<group>"; };
		B21CD583233AB8B4006994CA /* CoreDataController.h */ = {isa = PBXFileReference; lastKnownFileType = sourcecode.c.h; path = CoreDataController.h; sourceTree = "<group>"; };
		B21CD584233AB8B4006994CA /* CoreDataController.m */ = {isa = PBXFileReference; lastKnownFileType = sourcecode.c.objc; path = CoreDataController.m; sourceTree = "<group>"; };
		B28912C4233B9ACC00F0C3C5 /* Device+ParserLogic.m */ = {isa = PBXFileReference; fileEncoding = 4; lastKnownFileType = sourcecode.c.objc; path = "Device+ParserLogic.m"; sourceTree = "<group>"; };
		B28912C5233B9ACC00F0C3C5 /* Device+ParserLogic.h */ = {isa = PBXFileReference; fileEncoding = 4; lastKnownFileType = sourcecode.c.h; path = "Device+ParserLogic.h"; sourceTree = "<group>"; };
		B28912C7233B9DBC00F0C3C5 /* Device+Retrieval.h */ = {isa = PBXFileReference; fileEncoding = 4; lastKnownFileType = sourcecode.c.h; path = "Device+Retrieval.h"; sourceTree = "<group>"; };
		B28912C8233B9DBC00F0C3C5 /* Device+Retrieval.m */ = {isa = PBXFileReference; fileEncoding = 4; lastKnownFileType = sourcecode.c.objc; path = "Device+Retrieval.m"; sourceTree = "<group>"; };
		B28912CD233BA9AF00F0C3C5 /* DateFormatter.h */ = {isa = PBXFileReference; lastKnownFileType = sourcecode.c.h; path = DateFormatter.h; sourceTree = "<group>"; };
		B28912CE233BA9AF00F0C3C5 /* DateFormatter.m */ = {isa = PBXFileReference; lastKnownFileType = sourcecode.c.objc; path = DateFormatter.m; sourceTree = "<group>"; };
		B28912D1233BAFC200F0C3C5 /* Reading+ParserLogic.h */ = {isa = PBXFileReference; lastKnownFileType = sourcecode.c.h; path = "Reading+ParserLogic.h"; sourceTree = "<group>"; };
		B28912D2233BAFC200F0C3C5 /* Reading+ParserLogic.m */ = {isa = PBXFileReference; lastKnownFileType = sourcecode.c.objc; path = "Reading+ParserLogic.m"; sourceTree = "<group>"; };
		B2AC60DA233540C300A5823F /* CoreDataManager.m */ = {isa = PBXFileReference; fileEncoding = 4; lastKnownFileType = sourcecode.c.objc; path = CoreDataManager.m; sourceTree = "<group>"; };
		B2AC60DB233540C300A5823F /* CoreDataManager.h */ = {isa = PBXFileReference; fileEncoding = 4; lastKnownFileType = sourcecode.c.h; path = CoreDataManager.h; sourceTree = "<group>"; };
		B2E7092D2333FF38009B864F /* CanaryHomework.app */ = {isa = PBXFileReference; explicitFileType = wrapper.application; includeInIndex = 0; path = CanaryHomework.app; sourceTree = BUILT_PRODUCTS_DIR; };
		B2E709302333FF38009B864F /* AppDelegate.h */ = {isa = PBXFileReference; lastKnownFileType = sourcecode.c.h; path = AppDelegate.h; sourceTree = "<group>"; };
		B2E709312333FF38009B864F /* AppDelegate.m */ = {isa = PBXFileReference; lastKnownFileType = sourcecode.c.objc; path = AppDelegate.m; sourceTree = "<group>"; };
		B2E709332333FF38009B864F /* ViewController.h */ = {isa = PBXFileReference; lastKnownFileType = sourcecode.c.h; path = ViewController.h; sourceTree = "<group>"; };
		B2E709342333FF38009B864F /* ViewController.m */ = {isa = PBXFileReference; lastKnownFileType = sourcecode.c.objc; path = ViewController.m; sourceTree = "<group>"; };
		B2E7093A2333FF38009B864F /* CanaryHomework.xcdatamodel */ = {isa = PBXFileReference; lastKnownFileType = wrapper.xcdatamodel; path = CanaryHomework.xcdatamodel; sourceTree = "<group>"; };
		B2E7093C2333FF39009B864F /* Assets.xcassets */ = {isa = PBXFileReference; lastKnownFileType = folder.assetcatalog; path = Assets.xcassets; sourceTree = "<group>"; };
		B2E709412333FF39009B864F /* Info.plist */ = {isa = PBXFileReference; lastKnownFileType = text.plist.xml; path = Info.plist; sourceTree = "<group>"; };
		B2E709422333FF39009B864F /* main.m */ = {isa = PBXFileReference; lastKnownFileType = sourcecode.c.objc; path = main.m; sourceTree = "<group>"; };
		B2E7094C23341732009B864F /* Reading+CoreDataProperties.h */ = {isa = PBXFileReference; lastKnownFileType = sourcecode.c.h; path = "Reading+CoreDataProperties.h"; sourceTree = "<group>"; };
		B2E7094D23341732009B864F /* Reading+CoreDataClass.h */ = {isa = PBXFileReference; lastKnownFileType = sourcecode.c.h; path = "Reading+CoreDataClass.h"; sourceTree = "<group>"; };
		B2E7094E23341732009B864F /* Reading+CoreDataClass.m */ = {isa = PBXFileReference; lastKnownFileType = sourcecode.c.objc; path = "Reading+CoreDataClass.m"; sourceTree = "<group>"; };
		B2E7094F23341732009B864F /* Reading+CoreDataProperties.m */ = {isa = PBXFileReference; lastKnownFileType = sourcecode.c.objc; path = "Reading+CoreDataProperties.m"; sourceTree = "<group>"; };
		B2E7095023341732009B864F /* Device+CoreDataProperties.h */ = {isa = PBXFileReference; lastKnownFileType = sourcecode.c.h; path = "Device+CoreDataProperties.h"; sourceTree = "<group>"; };
		B2E7095123341732009B864F /* Device+CoreDataClass.h */ = {isa = PBXFileReference; lastKnownFileType = sourcecode.c.h; path = "Device+CoreDataClass.h"; sourceTree = "<group>"; };
		B2E7095223341732009B864F /* Device+CoreDataClass.m */ = {isa = PBXFileReference; lastKnownFileType = sourcecode.c.objc; path = "Device+CoreDataClass.m"; sourceTree = "<group>"; };
		B2E7095323341732009B864F /* Device+CoreDataProperties.m */ = {isa = PBXFileReference; lastKnownFileType = sourcecode.c.objc; path = "Device+CoreDataProperties.m"; sourceTree = "<group>"; };
		CA2C32BA26F261F6004906CE /* Theme.h */ = {isa = PBXFileReference; lastKnownFileType = sourcecode.c.h; path = Theme.h; sourceTree = "<group>"; };
		CA2C32BB26F261F6004906CE /* Theme.m */ = {isa = PBXFileReference; lastKnownFileType = sourcecode.c.objc; path = Theme.m; sourceTree = "<group>"; };
		CA2C32C426F27DC8004906CE /* Util.h */ = {isa = PBXFileReference; lastKnownFileType = sourcecode.c.h; path = Util.h; sourceTree = "<group>"; };
		CA2C32C526F27DC8004906CE /* Util.m */ = {isa = PBXFileReference; lastKnownFileType = sourcecode.c.objc; path = Util.m; sourceTree = "<group>"; };
/* End PBXFileReference section */

/* Begin PBXFrameworksBuildPhase section */
		8C92683126F2CEF00056A5D1 /* Frameworks */ = {
			isa = PBXFrameworksBuildPhase;
			buildActionMask = 2147483647;
			files = (
			);
			runOnlyForDeploymentPostprocessing = 0;
		};
		B2E7092A2333FF38009B864F /* Frameworks */ = {
			isa = PBXFrameworksBuildPhase;
			buildActionMask = 2147483647;
			files = (
				DF51B646261269BD003CE517 /* AFNetworking in Frameworks */,
			);
			runOnlyForDeploymentPostprocessing = 0;
		};
/* End PBXFrameworksBuildPhase section */

/* Begin PBXGroup section */
		8C92683526F2CEF00056A5D1 /* CanaryHomeworkTests */ = {
			isa = PBXGroup;
			children = (
				8C92683626F2CEF00056A5D1 /* CanaryHomeworkTests.m */,
				8C92683826F2CEF00056A5D1 /* Info.plist */,
			);
			path = CanaryHomeworkTests;
			sourceTree = "<group>";
		};
		B21CD579233A92EF006994CA /* API */ = {
			isa = PBXGroup;
			children = (
				B21CD57C233A932E006994CA /* APIClient.h */,
				B21CD57A233A9320006994CA /* APICLient.m */,
				B21CD583233AB8B4006994CA /* CoreDataController.h */,
				B21CD584233AB8B4006994CA /* CoreDataController.m */,
			);
			path = API;
			sourceTree = "<group>";
		};
		B21CD57D233A93DA006994CA /* Suoporting Files */ = {
			isa = PBXGroup;
			children = (
				B21CD57E233A93F3006994CA /* Keys.h */,
			);
			path = "Suoporting Files";
			sourceTree = "<group>";
		};
		B28912CA233BA70400F0C3C5 /* Models */ = {
			isa = PBXGroup;
			children = (
				B28912D0233BAF8600F0C3C5 /* Reading */,
				B28912CB233BA71600F0C3C5 /* Device */,
			);
			path = Models;
			sourceTree = "<group>";
		};
		B28912CB233BA71600F0C3C5 /* Device */ = {
			isa = PBXGroup;
			children = (
				B2E7095023341732009B864F /* Device+CoreDataProperties.h */,
				B2E7095323341732009B864F /* Device+CoreDataProperties.m */,
				B2E7095123341732009B864F /* Device+CoreDataClass.h */,
				B2E7095223341732009B864F /* Device+CoreDataClass.m */,
				B28912C5233B9ACC00F0C3C5 /* Device+ParserLogic.h */,
				B28912C4233B9ACC00F0C3C5 /* Device+ParserLogic.m */,
				B28912C7233B9DBC00F0C3C5 /* Device+Retrieval.h */,
				B28912C8233B9DBC00F0C3C5 /* Device+Retrieval.m */,
			);
			path = Device;
			sourceTree = "<group>";
		};
		B28912CC233BA98C00F0C3C5 /* Util */ = {
			isa = PBXGroup;
			children = (
				B28912CD233BA9AF00F0C3C5 /* DateFormatter.h */,
				B28912CE233BA9AF00F0C3C5 /* DateFormatter.m */,
				CA2C32C426F27DC8004906CE /* Util.h */,
				CA2C32C526F27DC8004906CE /* Util.m */,
			);
			path = Util;
			sourceTree = "<group>";
		};
		B28912D0233BAF8600F0C3C5 /* Reading */ = {
			isa = PBXGroup;
			children = (
				B2E7094C23341732009B864F /* Reading+CoreDataProperties.h */,
				B2E7094F23341732009B864F /* Reading+CoreDataProperties.m */,
				B2E7094D23341732009B864F /* Reading+CoreDataClass.h */,
				B2E7094E23341732009B864F /* Reading+CoreDataClass.m */,
				B28912D1233BAFC200F0C3C5 /* Reading+ParserLogic.h */,
				B28912D2233BAFC200F0C3C5 /* Reading+ParserLogic.m */,
			);
			path = Reading;
			sourceTree = "<group>";
		};
		B2E709242333FF38009B864F = {
			isa = PBXGroup;
			children = (
				B2E7092F2333FF38009B864F /* CanaryHomework */,
				8C92683526F2CEF00056A5D1 /* CanaryHomeworkTests */,
				B2E7092E2333FF38009B864F /* Products */,
			);
			sourceTree = "<group>";
		};
		B2E7092E2333FF38009B864F /* Products */ = {
			isa = PBXGroup;
			children = (
				B2E7092D2333FF38009B864F /* CanaryHomework.app */,
				8C92683426F2CEF00056A5D1 /* CanaryHomeworkTests.xctest */,
			);
			name = Products;
			sourceTree = "<group>";
		};
		B2E7092F2333FF38009B864F /* CanaryHomework */ = {
			isa = PBXGroup;
			children = (
				B28912CC233BA98C00F0C3C5 /* Util */,
				B28912CA233BA70400F0C3C5 /* Models */,
				CA2C32B926F261D6004906CE /* Theme */,
				B21CD57D233A93DA006994CA /* Suoporting Files */,
				B21CD579233A92EF006994CA /* API */,
				B2E709582334173B009B864F /* CoreData */,
				B2E709302333FF38009B864F /* AppDelegate.h */,
				B2E709312333FF38009B864F /* AppDelegate.m */,
				B2E709332333FF38009B864F /* ViewController.h */,
				B2E709342333FF38009B864F /* ViewController.m */,
				B21CD580233AAE02006994CA /* DetailViewController.h */,
				B21CD581233AAE02006994CA /* DetailViewController.m */,
				B2E7093C2333FF39009B864F /* Assets.xcassets */,
				B2E709412333FF39009B864F /* Info.plist */,
				B2E709422333FF39009B864F /* main.m */,
			);
			path = CanaryHomework;
			sourceTree = "<group>";
		};
		B2E709582334173B009B864F /* CoreData */ = {
			isa = PBXGroup;
			children = (
				B2E709392333FF38009B864F /* CanaryHomework.xcdatamodeld */,
				B2AC60DB233540C300A5823F /* CoreDataManager.h */,
				B2AC60DA233540C300A5823F /* CoreDataManager.m */,
			);
			path = CoreData;
			sourceTree = "<group>";
		};
		CA2C32B926F261D6004906CE /* Theme */ = {
			isa = PBXGroup;
			children = (
				CA2C32BA26F261F6004906CE /* Theme.h */,
				CA2C32BB26F261F6004906CE /* Theme.m */,
			);
			path = Theme;
			sourceTree = "<group>";
		};
/* End PBXGroup section */

/* Begin PBXNativeTarget section */
		8C92683326F2CEF00056A5D1 /* CanaryHomeworkTests */ = {
			isa = PBXNativeTarget;
			buildConfigurationList = 8C92683D26F2CEF00056A5D1 /* Build configuration list for PBXNativeTarget "CanaryHomeworkTests" */;
			buildPhases = (
				8C92683026F2CEF00056A5D1 /* Sources */,
				8C92683126F2CEF00056A5D1 /* Frameworks */,
				8C92683226F2CEF00056A5D1 /* Resources */,
			);
			buildRules = (
			);
			dependencies = (
				8C92683A26F2CEF00056A5D1 /* PBXTargetDependency */,
			);
			name = CanaryHomeworkTests;
			productName = CanaryHomeworkTests;
			productReference = 8C92683426F2CEF00056A5D1 /* CanaryHomeworkTests.xctest */;
			productType = "com.apple.product-type.bundle.unit-test";
		};
		B2E7092C2333FF38009B864F /* CanaryHomework */ = {
			isa = PBXNativeTarget;
			buildConfigurationList = B2E709462333FF39009B864F /* Build configuration list for PBXNativeTarget "CanaryHomework" */;
			buildPhases = (
				B2E709292333FF38009B864F /* Sources */,
				B2E7092A2333FF38009B864F /* Frameworks */,
				B2E7092B2333FF38009B864F /* Resources */,
			);
			buildRules = (
			);
			dependencies = (
			);
			name = CanaryHomework;
			packageProductDependencies = (
				DF51B645261269BD003CE517 /* AFNetworking */,
			);
			productName = CanaryHomework;
			productReference = B2E7092D2333FF38009B864F /* CanaryHomework.app */;
			productType = "com.apple.product-type.application";
		};
/* End PBXNativeTarget section */

/* Begin PBXProject section */
		B2E709252333FF38009B864F /* Project object */ = {
			isa = PBXProject;
			attributes = {
				LastUpgradeCheck = 1240;
				ORGANIZATIONNAME = "Michael Schroeder";
				TargetAttributes = {
					8C92683326F2CEF00056A5D1 = {
						CreatedOnToolsVersion = 12.5.1;
						TestTargetID = B2E7092C2333FF38009B864F;
					};
					B2E7092C2333FF38009B864F = {
						CreatedOnToolsVersion = 10.3;
					};
				};
			};
			buildConfigurationList = B2E709282333FF38009B864F /* Build configuration list for PBXProject "CanaryHomework" */;
			compatibilityVersion = "Xcode 9.3";
			developmentRegion = en;
			hasScannedForEncodings = 0;
			knownRegions = (
				en,
				Base,
			);
			mainGroup = B2E709242333FF38009B864F;
			packageReferences = (
				DF51B644261269BD003CE517 /* XCRemoteSwiftPackageReference "AFNetworking" */,
			);
			productRefGroup = B2E7092E2333FF38009B864F /* Products */;
			projectDirPath = "";
			projectRoot = "";
			targets = (
				B2E7092C2333FF38009B864F /* CanaryHomework */,
				8C92683326F2CEF00056A5D1 /* CanaryHomeworkTests */,
			);
		};
/* End PBXProject section */

/* Begin PBXResourcesBuildPhase section */
		8C92683226F2CEF00056A5D1 /* Resources */ = {
			isa = PBXResourcesBuildPhase;
			buildActionMask = 2147483647;
			files = (
			);
			runOnlyForDeploymentPostprocessing = 0;
		};
		B2E7092B2333FF38009B864F /* Resources */ = {
			isa = PBXResourcesBuildPhase;
			buildActionMask = 2147483647;
			files = (
				B2E7093D2333FF39009B864F /* Assets.xcassets in Resources */,
			);
			runOnlyForDeploymentPostprocessing = 0;
		};
/* End PBXResourcesBuildPhase section */

/* Begin PBXSourcesBuildPhase section */
		8C92683026F2CEF00056A5D1 /* Sources */ = {
			isa = PBXSourcesBuildPhase;
			buildActionMask = 2147483647;
			files = (
				8C92683726F2CEF00056A5D1 /* CanaryHomeworkTests.m in Sources */,
			);
			runOnlyForDeploymentPostprocessing = 0;
		};
		B2E709292333FF38009B864F /* Sources */ = {
			isa = PBXSourcesBuildPhase;
			buildActionMask = 2147483647;
			files = (
				B2E7095423341732009B864F /* Reading+CoreDataClass.m in Sources */,
				B2E709352333FF38009B864F /* ViewController.m in Sources */,
				B2AC60DC233540C300A5823F /* CoreDataManager.m in Sources */,
				CA2C32BC26F261F6004906CE /* Theme.m in Sources */,
				B2E7093B2333FF38009B864F /* CanaryHomework.xcdatamodeld in Sources */,
				B28912D3233BAFC200F0C3C5 /* Reading+ParserLogic.m in Sources */,
				B21CD57B233A9320006994CA /* APICLient.m in Sources */,
				B28912CF233BA9AF00F0C3C5 /* DateFormatter.m in Sources */,
				B2E7095723341732009B864F /* Device+CoreDataProperties.m in Sources */,
				B21CD585233AB8B4006994CA /* CoreDataController.m in Sources */,
				B28912C9233B9DBC00F0C3C5 /* Device+Retrieval.m in Sources */,
				B2E7095523341732009B864F /* Reading+CoreDataProperties.m in Sources */,
				B2E709432333FF39009B864F /* main.m in Sources */,
				B21CD582233AAE02006994CA /* DetailViewController.m in Sources */,
				B2E7095623341732009B864F /* Device+CoreDataClass.m in Sources */,
				B28912C6233B9ACC00F0C3C5 /* Device+ParserLogic.m in Sources */,
				B2E709322333FF38009B864F /* AppDelegate.m in Sources */,
				CA2C32C626F27DC8004906CE /* Util.m in Sources */,
			);
			runOnlyForDeploymentPostprocessing = 0;
		};
/* End PBXSourcesBuildPhase section */

/* Begin PBXTargetDependency section */
		8C92683A26F2CEF00056A5D1 /* PBXTargetDependency */ = {
			isa = PBXTargetDependency;
			target = B2E7092C2333FF38009B864F /* CanaryHomework */;
			targetProxy = 8C92683926F2CEF00056A5D1 /* PBXContainerItemProxy */;
		};
/* End PBXTargetDependency section */

/* Begin XCBuildConfiguration section */
		8C92683B26F2CEF00056A5D1 /* Debug */ = {
			isa = XCBuildConfiguration;
			buildSettings = {
				BUNDLE_LOADER = "$(TEST_HOST)";
				CODE_SIGN_STYLE = Automatic;
				DEVELOPMENT_TEAM = A9ZAD4939Q;
				INFOPLIST_FILE = CanaryHomeworkTests/Info.plist;
				IPHONEOS_DEPLOYMENT_TARGET = 14.5;
				LD_RUNPATH_SEARCH_PATHS = (
					"$(inherited)",
					"@executable_path/Frameworks",
					"@loader_path/Frameworks",
				);
				PRODUCT_BUNDLE_IDENTIFIER = "com.kenetic-labs.CanaryHomeworkTests";
				PRODUCT_NAME = "$(TARGET_NAME)";
				TARGETED_DEVICE_FAMILY = "1,2";
				TEST_HOST = "$(BUILT_PRODUCTS_DIR)/CanaryHomework.app/CanaryHomework";
			};
			name = Debug;
		};
		8C92683C26F2CEF00056A5D1 /* Release */ = {
			isa = XCBuildConfiguration;
			buildSettings = {
				BUNDLE_LOADER = "$(TEST_HOST)";
				CODE_SIGN_STYLE = Automatic;
				DEVELOPMENT_TEAM = A9ZAD4939Q;
				INFOPLIST_FILE = CanaryHomeworkTests/Info.plist;
				IPHONEOS_DEPLOYMENT_TARGET = 14.5;
				LD_RUNPATH_SEARCH_PATHS = (
					"$(inherited)",
					"@executable_path/Frameworks",
					"@loader_path/Frameworks",
				);
				PRODUCT_BUNDLE_IDENTIFIER = "com.kenetic-labs.CanaryHomeworkTests";
				PRODUCT_NAME = "$(TARGET_NAME)";
				TARGETED_DEVICE_FAMILY = "1,2";
				TEST_HOST = "$(BUILT_PRODUCTS_DIR)/CanaryHomework.app/CanaryHomework";
			};
			name = Release;
		};
		B2E709442333FF39009B864F /* Debug */ = {
			isa = XCBuildConfiguration;
			buildSettings = {
				ALWAYS_SEARCH_USER_PATHS = NO;
				CLANG_ANALYZER_NONNULL = YES;
				CLANG_ANALYZER_NUMBER_OBJECT_CONVERSION = YES_AGGRESSIVE;
				CLANG_CXX_LANGUAGE_STANDARD = "gnu++14";
				CLANG_CXX_LIBRARY = "libc++";
				CLANG_ENABLE_MODULES = YES;
				CLANG_ENABLE_OBJC_ARC = YES;
				CLANG_ENABLE_OBJC_WEAK = YES;
				CLANG_WARN_BLOCK_CAPTURE_AUTORELEASING = YES;
				CLANG_WARN_BOOL_CONVERSION = YES;
				CLANG_WARN_COMMA = YES;
				CLANG_WARN_CONSTANT_CONVERSION = YES;
				CLANG_WARN_DEPRECATED_OBJC_IMPLEMENTATIONS = YES;
				CLANG_WARN_DIRECT_OBJC_ISA_USAGE = YES_ERROR;
				CLANG_WARN_DOCUMENTATION_COMMENTS = YES;
				CLANG_WARN_EMPTY_BODY = YES;
				CLANG_WARN_ENUM_CONVERSION = YES;
				CLANG_WARN_INFINITE_RECURSION = YES;
				CLANG_WARN_INT_CONVERSION = YES;
				CLANG_WARN_NON_LITERAL_NULL_CONVERSION = YES;
				CLANG_WARN_OBJC_IMPLICIT_RETAIN_SELF = YES;
				CLANG_WARN_OBJC_LITERAL_CONVERSION = YES;
				CLANG_WARN_OBJC_ROOT_CLASS = YES_ERROR;
				CLANG_WARN_QUOTED_INCLUDE_IN_FRAMEWORK_HEADER = YES;
				CLANG_WARN_RANGE_LOOP_ANALYSIS = YES;
				CLANG_WARN_STRICT_PROTOTYPES = YES;
				CLANG_WARN_SUSPICIOUS_MOVE = YES;
				CLANG_WARN_UNGUARDED_AVAILABILITY = YES_AGGRESSIVE;
				CLANG_WARN_UNREACHABLE_CODE = YES;
				CLANG_WARN__DUPLICATE_METHOD_MATCH = YES;
				CODE_SIGN_IDENTITY = "iPhone Developer";
				COPY_PHASE_STRIP = NO;
				DEBUG_INFORMATION_FORMAT = dwarf;
				ENABLE_STRICT_OBJC_MSGSEND = YES;
				ENABLE_TESTABILITY = YES;
				GCC_C_LANGUAGE_STANDARD = gnu11;
				GCC_DYNAMIC_NO_PIC = NO;
				GCC_NO_COMMON_BLOCKS = YES;
				GCC_OPTIMIZATION_LEVEL = 0;
				GCC_PREPROCESSOR_DEFINITIONS = (
					"DEBUG=1",
					"$(inherited)",
				);
				GCC_WARN_64_TO_32_BIT_CONVERSION = YES;
				GCC_WARN_ABOUT_RETURN_TYPE = YES_ERROR;
				GCC_WARN_UNDECLARED_SELECTOR = YES;
				GCC_WARN_UNINITIALIZED_AUTOS = YES_AGGRESSIVE;
				GCC_WARN_UNUSED_FUNCTION = YES;
				GCC_WARN_UNUSED_VARIABLE = YES;
				IPHONEOS_DEPLOYMENT_TARGET = 14.4;
				MTL_ENABLE_DEBUG_INFO = INCLUDE_SOURCE;
				MTL_FAST_MATH = YES;
				ONLY_ACTIVE_ARCH = YES;
				SDKROOT = iphoneos;
			};
			name = Debug;
		};
		B2E709452333FF39009B864F /* Release */ = {
			isa = XCBuildConfiguration;
			buildSettings = {
				ALWAYS_SEARCH_USER_PATHS = NO;
				CLANG_ANALYZER_NONNULL = YES;
				CLANG_ANALYZER_NUMBER_OBJECT_CONVERSION = YES_AGGRESSIVE;
				CLANG_CXX_LANGUAGE_STANDARD = "gnu++14";
				CLANG_CXX_LIBRARY = "libc++";
				CLANG_ENABLE_MODULES = YES;
				CLANG_ENABLE_OBJC_ARC = YES;
				CLANG_ENABLE_OBJC_WEAK = YES;
				CLANG_WARN_BLOCK_CAPTURE_AUTORELEASING = YES;
				CLANG_WARN_BOOL_CONVERSION = YES;
				CLANG_WARN_COMMA = YES;
				CLANG_WARN_CONSTANT_CONVERSION = YES;
				CLANG_WARN_DEPRECATED_OBJC_IMPLEMENTATIONS = YES;
				CLANG_WARN_DIRECT_OBJC_ISA_USAGE = YES_ERROR;
				CLANG_WARN_DOCUMENTATION_COMMENTS = YES;
				CLANG_WARN_EMPTY_BODY = YES;
				CLANG_WARN_ENUM_CONVERSION = YES;
				CLANG_WARN_INFINITE_RECURSION = YES;
				CLANG_WARN_INT_CONVERSION = YES;
				CLANG_WARN_NON_LITERAL_NULL_CONVERSION = YES;
				CLANG_WARN_OBJC_IMPLICIT_RETAIN_SELF = YES;
				CLANG_WARN_OBJC_LITERAL_CONVERSION = YES;
				CLANG_WARN_OBJC_ROOT_CLASS = YES_ERROR;
				CLANG_WARN_QUOTED_INCLUDE_IN_FRAMEWORK_HEADER = YES;
				CLANG_WARN_RANGE_LOOP_ANALYSIS = YES;
				CLANG_WARN_STRICT_PROTOTYPES = YES;
				CLANG_WARN_SUSPICIOUS_MOVE = YES;
				CLANG_WARN_UNGUARDED_AVAILABILITY = YES_AGGRESSIVE;
				CLANG_WARN_UNREACHABLE_CODE = YES;
				CLANG_WARN__DUPLICATE_METHOD_MATCH = YES;
				CODE_SIGN_IDENTITY = "iPhone Developer";
				COPY_PHASE_STRIP = NO;
				DEBUG_INFORMATION_FORMAT = "dwarf-with-dsym";
				ENABLE_NS_ASSERTIONS = NO;
				ENABLE_STRICT_OBJC_MSGSEND = YES;
				GCC_C_LANGUAGE_STANDARD = gnu11;
				GCC_NO_COMMON_BLOCKS = YES;
				GCC_WARN_64_TO_32_BIT_CONVERSION = YES;
				GCC_WARN_ABOUT_RETURN_TYPE = YES_ERROR;
				GCC_WARN_UNDECLARED_SELECTOR = YES;
				GCC_WARN_UNINITIALIZED_AUTOS = YES_AGGRESSIVE;
				GCC_WARN_UNUSED_FUNCTION = YES;
				GCC_WARN_UNUSED_VARIABLE = YES;
				IPHONEOS_DEPLOYMENT_TARGET = 14.4;
				MTL_ENABLE_DEBUG_INFO = NO;
				MTL_FAST_MATH = YES;
				SDKROOT = iphoneos;
				VALIDATE_PRODUCT = YES;
			};
			name = Release;
		};
		B2E709472333FF39009B864F /* Debug */ = {
			isa = XCBuildConfiguration;
			buildSettings = {
				ASSETCATALOG_COMPILER_APPICON_NAME = AppIcon;
				CODE_SIGN_IDENTITY = "Apple Development";
				CODE_SIGN_STYLE = Automatic;
				DEVELOPMENT_TEAM = ZDFZAVJZ2C;
				FRAMEWORK_SEARCH_PATHS = "$(inherited)";
				INFOPLIST_FILE = CanaryHomework/Info.plist;
				IPHONEOS_DEPLOYMENT_TARGET = 14.4;
				LD_RUNPATH_SEARCH_PATHS = (
					"$(inherited)",
					"@executable_path/Frameworks",
				);
				LIBRARY_SEARCH_PATHS = "$(inherited)";
				PRODUCT_BUNDLE_IDENTIFIER = is.canary.CanaryHomework;
				PRODUCT_NAME = "$(TARGET_NAME)";
				PROVISIONING_PROFILE_SPECIFIER = "";
				TARGETED_DEVICE_FAMILY = 1;
			};
			name = Debug;
		};
		B2E709482333FF39009B864F /* Release */ = {
			isa = XCBuildConfiguration;
			buildSettings = {
				ASSETCATALOG_COMPILER_APPICON_NAME = AppIcon;
				CODE_SIGN_IDENTITY = "Apple Development";
				CODE_SIGN_STYLE = Automatic;
				DEVELOPMENT_TEAM = ZDFZAVJZ2C;
				FRAMEWORK_SEARCH_PATHS = "$(inherited)";
				INFOPLIST_FILE = CanaryHomework/Info.plist;
				IPHONEOS_DEPLOYMENT_TARGET = 14.4;
				LD_RUNPATH_SEARCH_PATHS = (
					"$(inherited)",
					"@executable_path/Frameworks",
				);
				LIBRARY_SEARCH_PATHS = "$(inherited)";
				PRODUCT_BUNDLE_IDENTIFIER = is.canary.CanaryHomework;
				PRODUCT_NAME = "$(TARGET_NAME)";
				PROVISIONING_PROFILE_SPECIFIER = "";
				TARGETED_DEVICE_FAMILY = 1;
			};
			name = Release;
		};
/* End XCBuildConfiguration section */

/* Begin XCConfigurationList section */
		8C92683D26F2CEF00056A5D1 /* Build configuration list for PBXNativeTarget "CanaryHomeworkTests" */ = {
			isa = XCConfigurationList;
			buildConfigurations = (
				8C92683B26F2CEF00056A5D1 /* Debug */,
				8C92683C26F2CEF00056A5D1 /* Release */,
			);
			defaultConfigurationIsVisible = 0;
			defaultConfigurationName = Release;
		};
		B2E709282333FF38009B864F /* Build configuration list for PBXProject "CanaryHomework" */ = {
			isa = XCConfigurationList;
			buildConfigurations = (
				B2E709442333FF39009B864F /* Debug */,
				B2E709452333FF39009B864F /* Release */,
			);
			defaultConfigurationIsVisible = 0;
			defaultConfigurationName = Release;
		};
		B2E709462333FF39009B864F /* Build configuration list for PBXNativeTarget "CanaryHomework" */ = {
			isa = XCConfigurationList;
			buildConfigurations = (
				B2E709472333FF39009B864F /* Debug */,
				B2E709482333FF39009B864F /* Release */,
			);
			defaultConfigurationIsVisible = 0;
			defaultConfigurationName = Release;
		};
/* End XCConfigurationList section */

/* Begin XCRemoteSwiftPackageReference section */
		DF51B644261269BD003CE517 /* XCRemoteSwiftPackageReference "AFNetworking" */ = {
			isa = XCRemoteSwiftPackageReference;
			repositoryURL = "https://github.com/AFNetworking/AFNetworking.git";
			requirement = {
				kind = upToNextMajorVersion;
				minimumVersion = 4.0.1;
			};
		};
/* End XCRemoteSwiftPackageReference section */

/* Begin XCSwiftPackageProductDependency section */
		DF51B645261269BD003CE517 /* AFNetworking */ = {
			isa = XCSwiftPackageProductDependency;
			package = DF51B644261269BD003CE517 /* XCRemoteSwiftPackageReference "AFNetworking" */;
			productName = AFNetworking;
		};
/* End XCSwiftPackageProductDependency section */

/* Begin XCVersionGroup section */
		B2E709392333FF38009B864F /* CanaryHomework.xcdatamodeld */ = {
			isa = XCVersionGroup;
			children = (
				B2E7093A2333FF38009B864F /* CanaryHomework.xcdatamodel */,
			);
			currentVersion = B2E7093A2333FF38009B864F /* CanaryHomework.xcdatamodel */;
			path = CanaryHomework.xcdatamodeld;
			sourceTree = "<group>";
			versionGroupType = wrapper.xcdatamodel;
		};
/* End XCVersionGroup section */
	};
	rootObject = B2E709252333FF38009B864F /* Project object */;
}
